{
  "name": "xqdb-node-benchmarks",
  "version": "0.0.0",
  "lockfileVersion": 3,
  "requires": true,
  "packages": {
    "": {
      "name": "xqdb-node-benchmarks",
      "version": "0.0.0",
      "dependencies": {
        "jkdb": "1.4.0",
        "node-q": "2.7.0"
      }
    },
    "node_modules/buffer-indexof-polyfill": {
      "version": "1.0.1",
      "resolved": "https://registry.npmjs.org/buffer-indexof-polyfill/-/buffer-indexof-polyfill-1.0.1.tgz",
      "integrity": "sha512-nWY0MBVZLHgCNpJ9ckZ2qrlb3bQIFttRm7qCe7GNEsfisywVoT+8rNbQHZQ1Hqf4v/hjsQQDhtY74/jmuFEZ+A==",
      "license": "MIT",
      "engines": {
        "node": ">=0.10"
      }
    },
    "node_modules/jkdb": {
      "version": "1.4.0",
      "resolved": "https://registry.npmjs.org/jkdb/-/jkdb-1.4.0.tgz",
      "integrity": "sha512-vqCJ0yokepWHa28NZA2h8HX0+2qrKbRxy7nVvwZHIVvJtD98JM8h/HCbgdrBhx6HkLol9hqnN0H9NYpEQZutHw==",
      "license": "Apache-2.0"
    },
    "node_modules/long": {
      "version": "3.0.3",
      "resolved": "https://registry.npmjs.org/long/-/long-3.0.3.tgz",
      "integrity": "sha512-ByoEe/sOhyFr8p1Ls2vGF86Iw9cfkPuhg1laL3/p5MQSeCWMbTlu1LHHIL8LSIi30MoK0LKGPzd93hrfkxsx4Q==",
      "license": "Apache-2.0",
      "engines": {
        "node": ">=0.6"
      }
    },
    "node_modules/node-q": {
      "version": "2.7.0",
      "resolved": "https://registry.npmjs.org/node-q/-/node-q-2.7.0.tgz",
      "integrity": "sha512-rLvqnarAtNHdeyS7RRQmg4yjd6qxtfZcTL9jsQQZ2UBCMPz3/k/WtJPXieb4Xe4EjgjBO8txuJz+Rot9iUwOzg==",
      "license": "MIT",
      "dependencies": {
        "buffer-indexof-polyfill": "1.0.1",
        "long": "3.0.3",
        "node-uuid": "1.4.7"
      },
      "engines": {
        "node": ">=0.10"
      }
    },
    "node_modules/node-uuid": {
      "version": "1.4.7",
      "resolved": "https://registry.npmjs.org/node-uuid/-/node-uuid-1.4.7.tgz",
      "integrity": "sha512-1ufwSb+P48JyWDskpICvUCAXNaIFcNeln/hhg6yViwOoJ6g26SfaFoYIuGu0grRUsxqeJkC2aq5wAxXo1bT/FA==",
      "deprecated": "Use uuid module instead",
      "bin": {
        "uuid": "bin/uuid"
      }
    }
  }
}
